
Microsoft Visual Studio Solution File, Format Version 12.00
# Visual Studio Version 16
VisualStudioVersion = 16.0.31911.196
MinimumVisualStudioVersion = 10.0.40219.1
Project("{2150E333-8FDC-42A3-9474-1A3956D46DE8}") = "Services", "Services", "{4A9566EF-F1C7-4107-9667-618E7A082AA7}"
EndProject
Project("{2150E333-8FDC-42A3-9474-1A3956D46DE8}") = "Catalog", "Catalog", "{9AA4C00C-2707-40A3-9B42-5B031157CF60}"
EndProject
Project("{FAE04EC0-301F-11D3-BF4B-00C04F79EFBC}") = "Catalog.API", "Services\Catalog\Catalog.API\Catalog.API.csproj", "{F6644B4B-F2B6-404B-AEB1-95F7E593A3DB}"
EndProject
Global
	GlobalSection(SolutionConfigurationPlatforms) = preSolution
		Debug|Any CPU = Debug|Any CPU
		Release|Any CPU = Release|Any CPU
	EndGlobalSection
	GlobalSection(ProjectConfigurationPlatforms) = postSolution
		{F6644B4B-F2B6-404B-AEB1-95F7E593A3DB}.Debug|Any CPU.ActiveCfg = Debug|Any CPU
		{F6644B4B-F2B6-404B-AEB1-95F7E593A3DB}.Debug|Any CPU.Build.0 = Debug|Any CPU
		{F6644B4B-F2B6-404B-AEB1-95F7E593A3DB}.Release|Any CPU.ActiveCfg = Release|Any CPU
		{F6644B4B-F2B6-404B-AEB1-95F7E593A3DB}.Release|Any CPU.Build.0 = Release|Any CPU
	EndGlobalSection
	GlobalSection(SolutionProperties) = preSolution
		HideSolutionNode = FALSE
	EndGlobalSection
	GlobalSection(NestedProjects) = preSolution
		{9AA4C00C-2707-40A3-9B42-5B031157CF60} = {4A9566EF-F1C7-4107-9667-618E7A082AA7}
		{F6644B4B-F2B6-404B-AEB1-95F7E593A3DB} = {9AA4C00C-2707-40A3-9B42-5B031157CF60}
	EndGlobalSection
	GlobalSection(ExtensibilityGlobals) = postSolution
		SolutionGuid = {6CFEC82B-CF23-4C3D-A181-E39D0C78AD80}
	EndGlobalSection
EndGlobal
